{
  "nodes": {
    "nixpkgs": {
      "locked": {
        "lastModified": 1716633019,
        "narHash": "sha256-xim1b5/HZYbWaZKyI7cn9TJCM6ewNVZnesRr00mXeS4=",
        "rev": "9d29cd266cebf80234c98dd0b87256b6be0af44e",
        "revCount": 558675,
        "type": "tarball",
        "url": "https://api.flakehub.com/f/pinned/NixOS/nixpkgs/0.2311.558675%2Brev-9d29cd266cebf80234c98dd0b87256b6be0af44e/018fb680-a725-7c9d-825e-aadb0901263e/source.tar.gz"
      },
      "original": {
        "type": "tarball",
        "url": "https://api.flakehub.com/f/NixOS/nixpkgs/%2A.tar.gz"
      }
    },
    "root": {
      "inputs": {
        "nixpkgs": "nixpkgs"
      }
    }
  },
  "root": "root",
  "version": 7
}
