{
  "nodes": {
    "nixpkgs": {
      "locked": {
        "lastModified": 1726969270,
        "narHash": "sha256-8fnFlXBgM/uSvBlLWjZ0Z0sOdRBesyNdH0+esxqizGc=",
        "rev": "23cbb250f3bf4f516a2d0bf03c51a30900848075",
        "revCount": 635388,
        "type": "tarball",
        "url": "https://api.flakehub.com/f/pinned/NixOS/nixpkgs/0.2405.635388%2Brev-23cbb250f3bf4f516a2d0bf03c51a30900848075/01921f21-c6ba-7d65-9255-1817ae3785bb/source.tar.gz"
      },
      "original": {
        "type": "tarball",
        "url": "https://api.flakehub.com/f/NixOS/nixpkgs/%2A.tar.gz"
      }
    },
    "root": {
      "inputs": {
        "nixpkgs": "nixpkgs"
      }
    }
  },
  "root": "root",
  "version": 7
}
